
Microsoft Visual Studio Solution File, Format Version 12.00
# Visual Studio 15
VisualStudioVersion = 15.0.27004.2002
MinimumVisualStudioVersion = 10.0.40219.1
Project("{FAE04EC0-301F-11D3-BF4B-00C04F79EFBC}") = "CommunitiesInConflicts", "CommunitiesInConflicts\CommunitiesInConflicts.csproj", "{B3AA3E64-06A8-43D0-81E7-F91C99195636}"
EndProject
Global
	GlobalSection(SolutionConfigurationPlatforms) = preSolution
		Debug|Any CPU = Debug|Any CPU
		Release|Any CPU = Release|Any CPU
	EndGlobalSection
	GlobalSection(ProjectConfigurationPlatforms) = postSolution
		{B3AA3E64-06A8-43D0-81E7-F91C99195636}.Debug|Any CPU.ActiveCfg = Debug|Any CPU
		{B3AA3E64-06A8-43D0-81E7-F91C99195636}.Debug|Any CPU.Build.0 = Debug|Any CPU
		{B3AA3E64-06A8-43D0-81E7-F91C99195636}.Release|Any CPU.ActiveCfg = Release|Any CPU
		{B3AA3E64-06A8-43D0-81E7-F91C99195636}.Release|Any CPU.Build.0 = Release|Any CPU
	EndGlobalSection
	GlobalSection(SolutionProperties) = preSolution
		HideSolutionNode = FALSE
	EndGlobalSection
	GlobalSection(ExtensibilityGlobals) = postSolution
		SolutionGuid = {7FABB118-4BBF-4415-94A3-70A5EC222E10}
	EndGlobalSection
EndGlobal
